PODS:
  - AppCenter/Core (3.1.0)
  - AppCenter/Crashes (3.1.0):
    - AppCenter/Core
  - AppCenterCrash-UI (0.1.0):
    - AppCenter/Crashes

DEPENDENCIES:
  - AppCenterCrash-UI (from `../`)

SPEC REPOS:
  trunk:
    - AppCenter

EXTERNAL SOURCES:
  AppCenterCrash-UI:
    :path: "../"

SPEC CHECKSUMS:
  AppCenter: a1c30c47b7882a04a615ffa5ab26c007326436d8
  AppCenterCrash-UI: 916a34837a86572dfd0317213856f817c7ac023b

PODFILE CHECKSUM: 6c49f82caf28c0bf558d86357a4bc10fbfb53da6

COCOAPODS: 1.8.4
